
Microsoft Visual Studio Solution File, Format Version 12.00
# Visual Studio Express 2013 for Windows Desktop
VisualStudioVersion = 12.0.40629.0
MinimumVisualStudioVersion = 10.0.40219.1
Project("{F184B08F-C81C-45F6-A57F-5ABD9991F28F}") = "Viajes", "Viajes\Viajes.vbproj", "{A374B386-2994-4460-97E0-5649766A465D}"
EndProject
Project("{F184B08F-C81C-45F6-A57F-5ABD9991F28F}") = "ViajesTest", "ViajesTest\ViajesTest.vbproj", "{89B65CDE-7E11-4ECE-AC33-E6CADE2D5196}"
EndProject
Global
	GlobalSection(SolutionConfigurationPlatforms) = preSolution
		Debug|Any CPU = Debug|Any CPU
		Release|Any CPU = Release|Any CPU
	EndGlobalSection
	GlobalSection(ProjectConfigurationPlatforms) = postSolution
		{A374B386-2994-4460-97E0-5649766A465D}.Debug|Any CPU.ActiveCfg = Debug|Any CPU
		{A374B386-2994-4460-97E0-5649766A465D}.Debug|Any CPU.Build.0 = Debug|Any CPU
		{A374B386-2994-4460-97E0-5649766A465D}.Release|Any CPU.ActiveCfg = Release|Any CPU
		{A374B386-2994-4460-97E0-5649766A465D}.Release|Any CPU.Build.0 = Release|Any CPU
		{89B65CDE-7E11-4ECE-AC33-E6CADE2D5196}.Debug|Any CPU.ActiveCfg = Debug|Any CPU
		{89B65CDE-7E11-4ECE-AC33-E6CADE2D5196}.Debug|Any CPU.Build.0 = Debug|Any CPU
		{89B65CDE-7E11-4ECE-AC33-E6CADE2D5196}.Release|Any CPU.ActiveCfg = Release|Any CPU
		{89B65CDE-7E11-4ECE-AC33-E6CADE2D5196}.Release|Any CPU.Build.0 = Release|Any CPU
	EndGlobalSection
	GlobalSection(SolutionProperties) = preSolution
		HideSolutionNode = FALSE
	EndGlobalSection
EndGlobal
